{
  "name": "@flowforge/nr-auth",
  "version": "0.1.0",
  "lockfileVersion": 2,
  "requires": true,
  "packages": {
    "": {
      "name": "@flowforge/nr-auth",
      "version": "0.1.0",
      "license": "Apache-2.0",
      "dependencies": {
        "oauth": "0.9.15",
        "passport-oauth2": "1.6.0"
      }
    },
    "node_modules/base64url": {
      "version": "3.0.1",
      "license": "MIT",
      "engines": {
        "node": ">=6.0.0"
      }
    },
    "node_modules/oauth": {
      "version": "0.9.15",
      "license": "MIT"
    },
    "node_modules/passport-oauth2": {
      "version": "1.6.0",
      "license": "MIT",
      "dependencies": {
        "base64url": "3.x.x",
        "oauth": "0.9.x",
        "passport-strategy": "1.x.x",
        "uid2": "0.0.x",
        "utils-merge": "1.x.x"
      },
      "engines": {
        "node": ">= 0.4.0"
      },
      "funding": {
        "type": "github",
        "url": "https://github.com/sponsors/jaredhanson"
      }
    },
    "node_modules/passport-strategy": {
      "version": "1.0.0",
      "engines": {
        "node": ">= 0.4.0"
      }
    },
    "node_modules/uid2": {
      "version": "0.0.4",
      "license": "MIT"
    },
    "node_modules/utils-merge": {
      "version": "1.0.1",
      "license": "MIT",
      "engines": {
        "node": ">= 0.4.0"
      }
    }
  },
  "dependencies": {
    "base64url": {
      "version": "3.0.1"
    },
    "oauth": {
      "version": "0.9.15"
    },
    "passport-oauth2": {
      "version": "1.6.0",
      "requires": {
        "base64url": "3.x.x",
        "oauth": "0.9.x",
        "passport-strategy": "1.x.x",
        "uid2": "0.0.x",
        "utils-merge": "1.x.x"
      }
    },
    "passport-strategy": {
      "version": "1.0.0"
    },
    "uid2": {
      "version": "0.0.4"
    },
    "utils-merge": {
      "version": "1.0.1"
    }
  }
}
